// !$*UTF8*$!
{
	archiveVersion = 1;
	classes = {
	};
	objectVersion = 50;
	objects = {

/* Begin PBXBuildFile section */
		A907E0CE2085DC65008FD64C /* AppDelegate.swift in Sources */ = {isa = PBXBuildFile; fileRef = A907E0CD2085DC65008FD64C /* AppDelegate.swift */; };
		A907E0D02085DC65008FD64C /* ViewController.swift in Sources */ = {isa = PBXBuildFile; fileRef = A907E0CF2085DC65008FD64C /* ViewController.swift */; };
		A907E0D32085DC65008FD64C /* Main.storyboard in Resources */ = {isa = PBXBuildFile; fileRef = A907E0D12085DC65008FD64C /* Main.storyboard */; };
		A907E0D52085DC68008FD64C /* Assets.xcassets in Resources */ = {isa = PBXBuildFile; fileRef = A907E0D42085DC68008FD64C /* Assets.xcassets */; };
		A907E0D82085DC68008FD64C /* LaunchScreen.storyboard in Resources */ = {isa = PBXBuildFile; fileRef = A907E0D62085DC68008FD64C /* LaunchScreen.storyboard */; };
		A907E0E32085DC68008FD64C /* VateAppTests.swift in Sources */ = {isa = PBXBuildFile; fileRef = A907E0E22085DC68008FD64C /* VateAppTests.swift */; };
		A907E0EE2085DC68008FD64C /* VateAppUITests.swift in Sources */ = {isa = PBXBuildFile; fileRef = A907E0ED2085DC68008FD64C /* VateAppUITests.swift */; };
		A907E0FC2085DCB0008FD64C /* EstimoteSDK.framework in Frameworks */ = {isa = PBXBuildFile; fileRef = A907E0FB2085DCB0008FD64C /* EstimoteSDK.framework */; };
		A9D645E120B6A88A00E8D9A3 /* BeaconInterface.swift in Sources */ = {isa = PBXBuildFile; fileRef = A9D645E020B6A88A00E8D9A3 /* BeaconInterface.swift */; };
		A9D645E320B6AD8000E8D9A3 /* HandiBeacon.swift in Sources */ = {isa = PBXBuildFile; fileRef = A9D645E220B6AD8000E8D9A3 /* HandiBeacon.swift */; };
/* End PBXBuildFile section */

/* Begin PBXContainerItemProxy section */
		A907E0DF2085DC68008FD64C /* PBXContainerItemProxy */ = {
			isa = PBXContainerItemProxy;
			containerPortal = A907E0C22085DC65008FD64C /* Project object */;
			proxyType = 1;
			remoteGlobalIDString = A907E0C92085DC65008FD64C;
			remoteInfo = VateApp;
		};
		A907E0EA2085DC68008FD64C /* PBXContainerItemProxy */ = {
			isa = PBXContainerItemProxy;
			containerPortal = A907E0C22085DC65008FD64C /* Project object */;
			proxyType = 1;
			remoteGlobalIDString = A907E0C92085DC65008FD64C;
			remoteInfo = VateApp;
		};
/* End PBXContainerItemProxy section */

/* Begin PBXFileReference section */
		A907E0CA2085DC65008FD64C /* VateApp.app */ = {isa = PBXFileReference; explicitFileType = wrapper.application; includeInIndex = 0; path = VateApp.app; sourceTree = BUILT_PRODUCTS_DIR; };
		A907E0CD2085DC65008FD64C /* AppDelegate.swift */ = {isa = PBXFileReference; lastKnownFileType = sourcecode.swift; path = AppDelegate.swift; sourceTree = "<group>"; };
		A907E0CF2085DC65008FD64C /* ViewController.swift */ = {isa = PBXFileReference; lastKnownFileType = sourcecode.swift; path = ViewController.swift; sourceTree = "<group>"; };
		A907E0D22085DC65008FD64C /* Base */ = {isa = PBXFileReference; lastKnownFileType = file.storyboard; name = Base; path = Base.lproj/Main.storyboard; sourceTree = "<group>"; };
		A907E0D42085DC68008FD64C /* Assets.xcassets */ = {isa = PBXFileReference; lastKnownFileType = folder.assetcatalog; path = Assets.xcassets; sourceTree = "<group>"; };
		A907E0D72085DC68008FD64C /* Base */ = {isa = PBXFileReference; lastKnownFileType = file.storyboard; name = Base; path = Base.lproj/LaunchScreen.storyboard; sourceTree = "<group>"; };
		A907E0D92085DC68008FD64C /* Info.plist */ = {isa = PBXFileReference; lastKnownFileType = text.plist.xml; path = Info.plist; sourceTree = "<group>"; };
		A907E0DE2085DC68008FD64C /* VateAppTests.xctest */ = {isa = PBXFileReference; explicitFileType = wrapper.cfbundle; includeInIndex = 0; path = VateAppTests.xctest; sourceTree = BUILT_PRODUCTS_DIR; };
		A907E0E22085DC68008FD64C /* VateAppTests.swift */ = {isa = PBXFileReference; lastKnownFileType = sourcecode.swift; path = VateAppTests.swift; sourceTree = "<group>"; };
		A907E0E42085DC68008FD64C /* Info.plist */ = {isa = PBXFileReference; lastKnownFileType = text.plist.xml; path = Info.plist; sourceTree = "<group>"; };
		A907E0E92085DC68008FD64C /* VateAppUITests.xctest */ = {isa = PBXFileReference; explicitFileType = wrapper.cfbundle; includeInIndex = 0; path = VateAppUITests.xctest; sourceTree = BUILT_PRODUCTS_DIR; };
		A907E0ED2085DC68008FD64C /* VateAppUITests.swift */ = {isa = PBXFileReference; lastKnownFileType = sourcecode.swift; path = VateAppUITests.swift; sourceTree = "<group>"; };
		A907E0EF2085DC68008FD64C /* Info.plist */ = {isa = PBXFileReference; lastKnownFileType = text.plist.xml; path = Info.plist; sourceTree = "<group>"; };
		A907E0FB2085DCB0008FD64C /* EstimoteSDK.framework */ = {isa = PBXFileReference; lastKnownFileType = wrapper.framework; path = EstimoteSDK.framework; sourceTree = "<group>"; };
		A907E0FD2085DCD5008FD64C /* ObjCBridge.h */ = {isa = PBXFileReference; lastKnownFileType = sourcecode.c.h; path = ObjCBridge.h; sourceTree = "<group>"; };
		A9D645E020B6A88A00E8D9A3 /* BeaconInterface.swift */ = {isa = PBXFileReference; lastKnownFileType = sourcecode.swift; path = BeaconInterface.swift; sourceTree = "<group>"; };
		A9D645E220B6AD8000E8D9A3 /* HandiBeacon.swift */ = {isa = PBXFileReference; lastKnownFileType = sourcecode.swift; path = HandiBeacon.swift; sourceTree = "<group>"; };
/* End PBXFileReference section */

/* Begin PBXFrameworksBuildPhase section */
		A907E0C72085DC65008FD64C /* Frameworks */ = {
			isa = PBXFrameworksBuildPhase;
			buildActionMask = 2147483647;
			files = (
				A907E0FC2085DCB0008FD64C /* EstimoteSDK.framework in Frameworks */,
			);
			runOnlyForDeploymentPostprocessing = 0;
		};
		A907E0DB2085DC68008FD64C /* Frameworks */ = {
			isa = PBXFrameworksBuildPhase;
			buildActionMask = 2147483647;
			files = (
			);
			runOnlyForDeploymentPostprocessing = 0;
		};
		A907E0E62085DC68008FD64C /* Frameworks */ = {
			isa = PBXFrameworksBuildPhase;
			buildActionMask = 2147483647;
			files = (
			);
			runOnlyForDeploymentPostprocessing = 0;
		};
/* End PBXFrameworksBuildPhase section */

/* Begin PBXGroup section */
		A907E0C12085DC65008FD64C = {
			isa = PBXGroup;
			children = (
				A907E0CC2085DC65008FD64C /* VateApp */,
				A907E0E12085DC68008FD64C /* VateAppTests */,
				A907E0EC2085DC68008FD64C /* VateAppUITests */,
				A907E0CB2085DC65008FD64C /* Products */,
				A907E0FB2085DCB0008FD64C /* EstimoteSDK.framework */,
			);
			sourceTree = "<group>";
		};
		A907E0CB2085DC65008FD64C /* Products */ = {
			isa = PBXGroup;
			children = (
				A907E0CA2085DC65008FD64C /* VateApp.app */,
				A907E0DE2085DC68008FD64C /* VateAppTests.xctest */,
				A907E0E92085DC68008FD64C /* VateAppUITests.xctest */,
			);
			name = Products;
			sourceTree = "<group>";
		};
		A907E0CC2085DC65008FD64C /* VateApp */ = {
			isa = PBXGroup;
			children = (
				A907E0CD2085DC65008FD64C /* AppDelegate.swift */,
				A9D645E020B6A88A00E8D9A3 /* BeaconInterface.swift */,
				A9D645E220B6AD8000E8D9A3 /* HandiBeacon.swift */,
				A907E0CF2085DC65008FD64C /* ViewController.swift */,
				A907E0D12085DC65008FD64C /* Main.storyboard */,
				A907E0D42085DC68008FD64C /* Assets.xcassets */,
				A907E0D62085DC68008FD64C /* LaunchScreen.storyboard */,
				A907E0D92085DC68008FD64C /* Info.plist */,
				A907E0FD2085DCD5008FD64C /* ObjCBridge.h */,
			);
			path = VateApp;
			sourceTree = "<group>";
		};
		A907E0E12085DC68008FD64C /* VateAppTests */ = {
			isa = PBXGroup;
			children = (
				A907E0E22085DC68008FD64C /* VateAppTests.swift */,
				A907E0E42085DC68008FD64C /* Info.plist */,
			);
			path = VateAppTests;
			sourceTree = "<group>";
		};
		A907E0EC2085DC68008FD64C /* VateAppUITests */ = {
			isa = PBXGroup;
			children = (
				A907E0ED2085DC68008FD64C /* VateAppUITests.swift */,
				A907E0EF2085DC68008FD64C /* Info.plist */,
			);
			path = VateAppUITests;
			sourceTree = "<group>";
		};
/* End PBXGroup section */

/* Begin PBXNativeTarget section */
		A907E0C92085DC65008FD64C /* VateApp */ = {
			isa = PBXNativeTarget;
			buildConfigurationList = A907E0F22085DC68008FD64C /* Build configuration list for PBXNativeTarget "VateApp" */;
			buildPhases = (
				A907E0C62085DC65008FD64C /* Sources */,
				A907E0C72085DC65008FD64C /* Frameworks */,
				A907E0C82085DC65008FD64C /* Resources */,
			);
			buildRules = (
			);
			dependencies = (
			);
			name = VateApp;
			productName = VateApp;
			productReference = A907E0CA2085DC65008FD64C /* VateApp.app */;
			productType = "com.apple.product-type.application";
		};
		A907E0DD2085DC68008FD64C /* VateAppTests */ = {
			isa = PBXNativeTarget;
			buildConfigurationList = A907E0F52085DC68008FD64C /* Build configuration list for PBXNativeTarget "VateAppTests" */;
			buildPhases = (
				A907E0DA2085DC68008FD64C /* Sources */,
				A907E0DB2085DC68008FD64C /* Frameworks */,
				A907E0DC2085DC68008FD64C /* Resources */,
			);
			buildRules = (
			);
			dependencies = (
				A907E0E02085DC68008FD64C /* PBXTargetDependency */,
			);
			name = VateAppTests;
			productName = VateAppTests;
			productReference = A907E0DE2085DC68008FD64C /* VateAppTests.xctest */;
			productType = "com.apple.product-type.bundle.unit-test";
		};
		A907E0E82085DC68008FD64C /* VateAppUITests */ = {
			isa = PBXNativeTarget;
			buildConfigurationList = A907E0F82085DC68008FD64C /* Build configuration list for PBXNativeTarget "VateAppUITests" */;
			buildPhases = (
				A907E0E52085DC68008FD64C /* Sources */,
				A907E0E62085DC68008FD64C /* Frameworks */,
				A907E0E72085DC68008FD64C /* Resources */,
			);
			buildRules = (
			);
			dependencies = (
				A907E0EB2085DC68008FD64C /* PBXTargetDependency */,
			);
			name = VateAppUITests;
			productName = VateAppUITests;
			productReference = A907E0E92085DC68008FD64C /* VateAppUITests.xctest */;
			productType = "com.apple.product-type.bundle.ui-testing";
		};
/* End PBXNativeTarget section */

/* Begin PBXProject section */
		A907E0C22085DC65008FD64C /* Project object */ = {
			isa = PBXProject;
			attributes = {
				LastSwiftUpdateCheck = 0930;
				LastUpgradeCheck = 0930;
				ORGANIZATIONNAME = "Handing ";
				TargetAttributes = {
					A907E0C92085DC65008FD64C = {
						CreatedOnToolsVersion = 9.3;
					};
					A907E0DD2085DC68008FD64C = {
						CreatedOnToolsVersion = 9.3;
						TestTargetID = A907E0C92085DC65008FD64C;
					};
					A907E0E82085DC68008FD64C = {
						CreatedOnToolsVersion = 9.3;
						TestTargetID = A907E0C92085DC65008FD64C;
					};
				};
			};
			buildConfigurationList = A907E0C52085DC65008FD64C /* Build configuration list for PBXProject "VateApp" */;
			compatibilityVersion = "Xcode 9.3";
			developmentRegion = en;
			hasScannedForEncodings = 0;
			knownRegions = (
				en,
				Base,
			);
			mainGroup = A907E0C12085DC65008FD64C;
			productRefGroup = A907E0CB2085DC65008FD64C /* Products */;
			projectDirPath = "";
			projectRoot = "";
			targets = (
				A907E0C92085DC65008FD64C /* VateApp */,
				A907E0DD2085DC68008FD64C /* VateAppTests */,
				A907E0E82085DC68008FD64C /* VateAppUITests */,
			);
		};
/* End PBXProject section */

/* Begin PBXResourcesBuildPhase section */
		A907E0C82085DC65008FD64C /* Resources */ = {
			isa = PBXResourcesBuildPhase;
			buildActionMask = 2147483647;
			files = (
				A907E0D82085DC68008FD64C /* LaunchScreen.storyboard in Resources */,
				A907E0D52085DC68008FD64C /* Assets.xcassets in Resources */,
				A907E0D32085DC65008FD64C /* Main.storyboard in Resources */,
			);
			runOnlyForDeploymentPostprocessing = 0;
		};
		A907E0DC2085DC68008FD64C /* Resources */ = {
			isa = PBXResourcesBuildPhase;
			buildActionMask = 2147483647;
			files = (
			);
			runOnlyForDeploymentPostprocessing = 0;
		};
		A907E0E72085DC68008FD64C /* Resources */ = {
			isa = PBXResourcesBuildPhase;
			buildActionMask = 2147483647;
			files = (
			);
			runOnlyForDeploymentPostprocessing = 0;
		};
/* End PBXResourcesBuildPhase section */

/* Begin PBXSourcesBuildPhase section */
		A907E0C62085DC65008FD64C /* Sources */ = {
			isa = PBXSourcesBuildPhase;
			buildActionMask = 2147483647;
			files = (
				A9D645E320B6AD8000E8D9A3 /* HandiBeacon.swift in Sources */,
				A9D645E120B6A88A00E8D9A3 /* BeaconInterface.swift in Sources */,
				A907E0D02085DC65008FD64C /* ViewController.swift in Sources */,
				A907E0CE2085DC65008FD64C /* AppDelegate.swift in Sources */,
			);
			runOnlyForDeploymentPostprocessing = 0;
		};
		A907E0DA2085DC68008FD64C /* Sources */ = {
			isa = PBXSourcesBuildPhase;
			buildActionMask = 2147483647;
			files = (
				A907E0E32085DC68008FD64C /* VateAppTests.swift in Sources */,
			);
			runOnlyForDeploymentPostprocessing = 0;
		};
		A907E0E52085DC68008FD64C /* Sources */ = {
			isa = PBXSourcesBuildPhase;
			buildActionMask = 2147483647;
			files = (
				A907E0EE2085DC68008FD64C /* VateAppUITests.swift in Sources */,
			);
			runOnlyForDeploymentPostprocessing = 0;
		};
/* End PBXSourcesBuildPhase section */

/* Begin PBXTargetDependency section */
		A907E0E02085DC68008FD64C /* PBXTargetDependency */ = {
			isa = PBXTargetDependency;
			target = A907E0C92085DC65008FD64C /* VateApp */;
			targetProxy = A907E0DF2085DC68008FD64C /* PBXContainerItemProxy */;
		};
		A907E0EB2085DC68008FD64C /* PBXTargetDependency */ = {
			isa = PBXTargetDependency;
			target = A907E0C92085DC65008FD64C /* VateApp */;
			targetProxy = A907E0EA2085DC68008FD64C /* PBXContainerItemProxy */;
		};
/* End PBXTargetDependency section */

/* Begin PBXVariantGroup section */
		A907E0D12085DC65008FD64C /* Main.storyboard */ = {
			isa = PBXVariantGroup;
			children = (
				A907E0D22085DC65008FD64C /* Base */,
			);
			name = Main.storyboard;
			sourceTree = "<group>";
		};
		A907E0D62085DC68008FD64C /* LaunchScreen.storyboard */ = {
			isa = PBXVariantGroup;
			children = (
				A907E0D72085DC68008FD64C /* Base */,
			);
			name = LaunchScreen.storyboard;
			sourceTree = "<group>";
		};
/* End PBXVariantGroup section */

/* Begin XCBuildConfiguration section */
		A907E0F02085DC68008FD64C /* Debug */ = {
			isa = XCBuildConfiguration;
			buildSettings = {
				ALWAYS_SEARCH_USER_PATHS = NO;
				CLANG_ANALYZER_NONNULL = YES;
				CLANG_ANALYZER_NUMBER_OBJECT_CONVERSION = YES_AGGRESSIVE;
				CLANG_CXX_LANGUAGE_STANDARD = "gnu++14";
				CLANG_CXX_LIBRARY = "libc++";
				CLANG_ENABLE_MODULES = YES;
				CLANG_ENABLE_OBJC_ARC = YES;
				CLANG_ENABLE_OBJC_WEAK = YES;
				CLANG_WARN_BLOCK_CAPTURE_AUTORELEASING = YES;
				CLANG_WARN_BOOL_CONVERSION = YES;
				CLANG_WARN_COMMA = YES;
				CLANG_WARN_CONSTANT_CONVERSION = YES;
				CLANG_WARN_DEPRECATED_OBJC_IMPLEMENTATIONS = YES;
				CLANG_WARN_DIRECT_OBJC_ISA_USAGE = YES_ERROR;
				CLANG_WARN_DOCUMENTATION_COMMENTS = YES;
				CLANG_WARN_EMPTY_BODY = YES;
				CLANG_WARN_ENUM_CONVERSION = YES;
				CLANG_WARN_INFINITE_RECURSION = YES;
				CLANG_WARN_INT_CONVERSION = YES;
				CLANG_WARN_NON_LITERAL_NULL_CONVERSION = YES;
				CLANG_WARN_OBJC_IMPLICIT_RETAIN_SELF = YES;
				CLANG_WARN_OBJC_LITERAL_CONVERSION = YES;
				CLANG_WARN_OBJC_ROOT_CLASS = YES_ERROR;
				CLANG_WARN_RANGE_LOOP_ANALYSIS = YES;
				CLANG_WARN_STRICT_PROTOTYPES = YES;
				CLANG_WARN_SUSPICIOUS_MOVE = YES;
				CLANG_WARN_UNGUARDED_AVAILABILITY = YES_AGGRESSIVE;
				CLANG_WARN_UNREACHABLE_CODE = YES;
				CLANG_WARN__DUPLICATE_METHOD_MATCH = YES;
				CODE_SIGN_IDENTITY = "iPhone Developer";
				COPY_PHASE_STRIP = NO;
				DEBUG_INFORMATION_FORMAT = dwarf;
				ENABLE_STRICT_OBJC_MSGSEND = YES;
				ENABLE_TESTABILITY = YES;
				GCC_C_LANGUAGE_STANDARD = gnu11;
				GCC_DYNAMIC_NO_PIC = NO;
				GCC_NO_COMMON_BLOCKS = YES;
				GCC_OPTIMIZATION_LEVEL = 0;
				GCC_PREPROCESSOR_DEFINITIONS = (
					"DEBUG=1",
					"$(inherited)",
				);
				GCC_WARN_64_TO_32_BIT_CONVERSION = YES;
				GCC_WARN_ABOUT_RETURN_TYPE = YES_ERROR;
				GCC_WARN_UNDECLARED_SELECTOR = YES;
				GCC_WARN_UNINITIALIZED_AUTOS = YES_AGGRESSIVE;
				GCC_WARN_UNUSED_FUNCTION = YES;
				GCC_WARN_UNUSED_VARIABLE = YES;
				IPHONEOS_DEPLOYMENT_TARGET = 11.3;
				MTL_ENABLE_DEBUG_INFO = YES;
				ONLY_ACTIVE_ARCH = YES;
				SDKROOT = iphoneos;
				SWIFT_ACTIVE_COMPILATION_CONDITIONS = DEBUG;
				SWIFT_OPTIMIZATION_LEVEL = "-Onone";
			};
			name = Debug;
		};
		A907E0F12085DC68008FD64C /* Release */ = {
			isa = XCBuildConfiguration;
			buildSettings = {
				ALWAYS_SEARCH_USER_PATHS = NO;
				CLANG_ANALYZER_NONNULL = YES;
				CLANG_ANALYZER_NUMBER_OBJECT_CONVERSION = YES_AGGRESSIVE;
				CLANG_CXX_LANGUAGE_STANDARD = "gnu++14";
				CLANG_CXX_LIBRARY = "libc++";
				CLANG_ENABLE_MODULES = YES;
				CLANG_ENABLE_OBJC_ARC = YES;
				CLANG_ENABLE_OBJC_WEAK = YES;
				CLANG_WARN_BLOCK_CAPTURE_AUTORELEASING = YES;
				CLANG_WARN_BOOL_CONVERSION = YES;
				CLANG_WARN_COMMA = YES;
				CLANG_WARN_CONSTANT_CONVERSION = YES;
				CLANG_WARN_DEPRECATED_OBJC_IMPLEMENTATIONS = YES;
				CLANG_WARN_DIRECT_OBJC_ISA_USAGE = YES_ERROR;
				CLANG_WARN_DOCUMENTATION_COMMENTS = YES;
				CLANG_WARN_EMPTY_BODY = YES;
				CLANG_WARN_ENUM_CONVERSION = YES;
				CLANG_WARN_INFINITE_RECURSION = YES;
				CLANG_WARN_INT_CONVERSION = YES;
				CLANG_WARN_NON_LITERAL_NULL_CONVERSION = YES;
				CLANG_WARN_OBJC_IMPLICIT_RETAIN_SELF = YES;
				CLANG_WARN_OBJC_LITERAL_CONVERSION = YES;
				CLANG_WARN_OBJC_ROOT_CLASS = YES_ERROR;
				CLANG_WARN_RANGE_LOOP_ANALYSIS = YES;
				CLANG_WARN_STRICT_PROTOTYPES = YES;
				CLANG_WARN_SUSPICIOUS_MOVE = YES;
				CLANG_WARN_UNGUARDED_AVAILABILITY = YES_AGGRESSIVE;
				CLANG_WARN_UNREACHABLE_CODE = YES;
				CLANG_WARN__DUPLICATE_METHOD_MATCH = YES;
				CODE_SIGN_IDENTITY = "iPhone Developer";
				COPY_PHASE_STRIP = NO;
				DEBUG_INFORMATION_FORMAT = "dwarf-with-dsym";
				ENABLE_NS_ASSERTIONS = NO;
				ENABLE_STRICT_OBJC_MSGSEND = YES;
				GCC_C_LANGUAGE_STANDARD = gnu11;
				GCC_NO_COMMON_BLOCKS = YES;
				GCC_WARN_64_TO_32_BIT_CONVERSION = YES;
				GCC_WARN_ABOUT_RETURN_TYPE = YES_ERROR;
				GCC_WARN_UNDECLARED_SELECTOR = YES;
				GCC_WARN_UNINITIALIZED_AUTOS = YES_AGGRESSIVE;
				GCC_WARN_UNUSED_FUNCTION = YES;
				GCC_WARN_UNUSED_VARIABLE = YES;
				IPHONEOS_DEPLOYMENT_TARGET = 11.3;
				MTL_ENABLE_DEBUG_INFO = NO;
				SDKROOT = iphoneos;
				SWIFT_COMPILATION_MODE = wholemodule;
				SWIFT_OPTIMIZATION_LEVEL = "-O";
				VALIDATE_PRODUCT = YES;
			};
			name = Release;
		};
		A907E0F32085DC68008FD64C /* Debug */ = {
			isa = XCBuildConfiguration;
			buildSettings = {
				ASSETCATALOG_COMPILER_APPICON_NAME = AppIcon;
				CODE_SIGN_STYLE = Automatic;
				DEVELOPMENT_TEAM = MD53BW6E2E;
				FRAMEWORK_SEARCH_PATHS = (
					"$(inherited)",
					"$(PROJECT_DIR)",
				);
				INFOPLIST_FILE = VateApp/Info.plist;
				LD_RUNPATH_SEARCH_PATHS = (
					"$(inherited)",
					"@executable_path/Frameworks",
				);
				PRODUCT_BUNDLE_IDENTIFIER = handing.VateApp;
				PRODUCT_NAME = "$(TARGET_NAME)";
				SWIFT_OBJC_BRIDGING_HEADER = VateApp/ObjCBridge.h;
				SWIFT_VERSION = 4.0;
				TARGETED_DEVICE_FAMILY = "1,2";
			};
			name = Debug;
		};
		A907E0F42085DC68008FD64C /* Release */ = {
			isa = XCBuildConfiguration;
			buildSettings = {
				ASSETCATALOG_COMPILER_APPICON_NAME = AppIcon;
				CODE_SIGN_STYLE = Automatic;
				DEVELOPMENT_TEAM = MD53BW6E2E;
				FRAMEWORK_SEARCH_PATHS = (
					"$(inherited)",
					"$(PROJECT_DIR)",
				);
				INFOPLIST_FILE = VateApp/Info.plist;
				LD_RUNPATH_SEARCH_PATHS = (
					"$(inherited)",
					"@executable_path/Frameworks",
				);
				PRODUCT_BUNDLE_IDENTIFIER = handing.VateApp;
				PRODUCT_NAME = "$(TARGET_NAME)";
				SWIFT_OBJC_BRIDGING_HEADER = VateApp/ObjCBridge.h;
				SWIFT_VERSION = 4.0;
				TARGETED_DEVICE_FAMILY = "1,2";
			};
			name = Release;
		};
		A907E0F62085DC68008FD64C /* Debug */ = {
			isa = XCBuildConfiguration;
			buildSettings = {
				ALWAYS_EMBED_SWIFT_STANDARD_LIBRARIES = YES;
				BUNDLE_LOADER = "$(TEST_HOST)";
				CODE_SIGN_STYLE = Automatic;
				DEVELOPMENT_TEAM = MD53BW6E2E;
				INFOPLIST_FILE = VateAppTests/Info.plist;
				LD_RUNPATH_SEARCH_PATHS = (
					"$(inherited)",
					"@executable_path/Frameworks",
					"@loader_path/Frameworks",
				);
				PRODUCT_BUNDLE_IDENTIFIER = handing.VateAppTests;
				PRODUCT_NAME = "$(TARGET_NAME)";
				SWIFT_VERSION = 4.0;
				TARGETED_DEVICE_FAMILY = "1,2";
				TEST_HOST = "$(BUILT_PRODUCTS_DIR)/VateApp.app/VateApp";
			};
			name = Debug;
		};
		A907E0F72085DC68008FD64C /* Release */ = {
			isa = XCBuildConfiguration;
			buildSettings = {
				ALWAYS_EMBED_SWIFT_STANDARD_LIBRARIES = YES;
				BUNDLE_LOADER = "$(TEST_HOST)";
				CODE_SIGN_STYLE = Automatic;
				DEVELOPMENT_TEAM = MD53BW6E2E;
				INFOPLIST_FILE = VateAppTests/Info.plist;
				LD_RUNPATH_SEARCH_PATHS = (
					"$(inherited)",
					"@executable_path/Frameworks",
					"@loader_path/Frameworks",
				);
				PRODUCT_BUNDLE_IDENTIFIER = handing.VateAppTests;
				PRODUCT_NAME = "$(TARGET_NAME)";
				SWIFT_VERSION = 4.0;
				TARGETED_DEVICE_FAMILY = "1,2";
				TEST_HOST = "$(BUILT_PRODUCTS_DIR)/VateApp.app/VateApp";
			};
			name = Release;
		};
		A907E0F92085DC68008FD64C /* Debug */ = {
			isa = XCBuildConfiguration;
			buildSettings = {
				ALWAYS_EMBED_SWIFT_STANDARD_LIBRARIES = YES;
				CODE_SIGN_STYLE = Automatic;
				DEVELOPMENT_TEAM = MD53BW6E2E;
				INFOPLIST_FILE = VateAppUITests/Info.plist;
				LD_RUNPATH_SEARCH_PATHS = (
					"$(inherited)",
					"@executable_path/Frameworks",
					"@loader_path/Frameworks",
				);
				PRODUCT_BUNDLE_IDENTIFIER = handing.VateAppUITests;
				PRODUCT_NAME = "$(TARGET_NAME)";
				SWIFT_VERSION = 4.0;
				TARGETED_DEVICE_FAMILY = "1,2";
				TEST_TARGET_NAME = VateApp;
			};
			name = Debug;
		};
		A907E0FA2085DC68008FD64C /* Release */ = {
			isa = XCBuildConfiguration;
			buildSettings = {
				ALWAYS_EMBED_SWIFT_STANDARD_LIBRARIES = YES;
				CODE_SIGN_STYLE = Automatic;
				DEVELOPMENT_TEAM = MD53BW6E2E;
				INFOPLIST_FILE = VateAppUITests/Info.plist;
				LD_RUNPATH_SEARCH_PATHS = (
					"$(inherited)",
					"@executable_path/Frameworks",
					"@loader_path/Frameworks",
				);
				PRODUCT_BUNDLE_IDENTIFIER = handing.VateAppUITests;
				PRODUCT_NAME = "$(TARGET_NAME)";
				SWIFT_VERSION = 4.0;
				TARGETED_DEVICE_FAMILY = "1,2";
				TEST_TARGET_NAME = VateApp;
			};
			name = Release;
		};
/* End XCBuildConfiguration section */

/* Begin XCConfigurationList section */
		A907E0C52085DC65008FD64C /* Build configuration list for PBXProject "VateApp" */ = {
			isa = XCConfigurationList;
			buildConfigurations = (
				A907E0F02085DC68008FD64C /* Debug */,
				A907E0F12085DC68008FD64C /* Release */,
			);
			defaultConfigurationIsVisible = 0;
			defaultConfigurationName = Release;
		};
		A907E0F22085DC68008FD64C /* Build configuration list for PBXNativeTarget "VateApp" */ = {
			isa = XCConfigurationList;
			buildConfigurations = (
				A907E0F32085DC68008FD64C /* Debug */,
				A907E0F42085DC68008FD64C /* Release */,
			);
			defaultConfigurationIsVisible = 0;
			defaultConfigurationName = Release;
		};
		A907E0F52085DC68008FD64C /* Build configuration list for PBXNativeTarget "VateAppTests" */ = {
			isa = XCConfigurationList;
			buildConfigurations = (
				A907E0F62085DC68008FD64C /* Debug */,
				A907E0F72085DC68008FD64C /* Release */,
			);
			defaultConfigurationIsVisible = 0;
			defaultConfigurationName = Release;
		};
		A907E0F82085DC68008FD64C /* Build configuration list for PBXNativeTarget "VateAppUITests" */ = {
			isa = XCConfigurationList;
			buildConfigurations = (
				A907E0F92085DC68008FD64C /* Debug */,
				A907E0FA2085DC68008FD64C /* Release */,
			);
			defaultConfigurationIsVisible = 0;
			defaultConfigurationName = Release;
		};
/* End XCConfigurationList section */
	};
	rootObject = A907E0C22085DC65008FD64C /* Project object */;
}
